
Microsoft Visual Studio Solution File, Format Version 12.00
# Visual Studio Version 17
VisualStudioVersion = 17.2.32616.157
MinimumVisualStudioVersion = 10.0.40219.1
Project("{FAE04EC0-301F-11D3-BF4B-00C04F79EFBC}") = "RotationAnarchy", "RotationAnarchy\RotationAnarchy.csproj", "{16E0478C-A2CF-4423-89C1-4165BE380117}"
EndProject
Project("{2150E333-8FDC-42A3-9474-1A3956D46DE8}") = "Solution Items", "Solution Items", "{3618463D-D75B-4B93-9F3F-FFFB25B82BE6}"
	ProjectSection(SolutionItems) = preProject
		.editorconfig = .editorconfig
	EndProjectSection
EndProject
Global
	GlobalSection(SolutionConfigurationPlatforms) = preSolution
		Debug|Any CPU = Debug|Any CPU
		Release|Any CPU = Release|Any CPU
	EndGlobalSection
	GlobalSection(ProjectConfigurationPlatforms) = postSolution
		{16E0478C-A2CF-4423-89C1-4165BE380117}.Debug|Any CPU.ActiveCfg = Debug|Any CPU
		{16E0478C-A2CF-4423-89C1-4165BE380117}.Debug|Any CPU.Build.0 = Debug|Any CPU
		{16E0478C-A2CF-4423-89C1-4165BE380117}.Release|Any CPU.ActiveCfg = Release|Any CPU
		{16E0478C-A2CF-4423-89C1-4165BE380117}.Release|Any CPU.Build.0 = Release|Any CPU
	EndGlobalSection
	GlobalSection(SolutionProperties) = preSolution
		HideSolutionNode = FALSE
	EndGlobalSection
	GlobalSection(ExtensibilityGlobals) = postSolution
		SolutionGuid = {EC65E172-2A63-450D-914A-3EA2428F8C50}
	EndGlobalSection
EndGlobal
